// !$*UTF8*$!
{
	archiveVersion = 1;
	classes = {
	};
	objectVersion = 55;
	objects = {

/* Begin PBXBuildFile section */
		84089AF228D07A1B007794AC /* DetailToDoViewController.swift in Sources */ = {isa = PBXBuildFile; fileRef = 84089AF128D07A1B007794AC /* DetailToDoViewController.swift */; };
		84089AF428D07A6C007794AC /* DetailToDoViewModel.swift in Sources */ = {isa = PBXBuildFile; fileRef = 84089AF328D07A6C007794AC /* DetailToDoViewModel.swift */; };
		8486F5E028D05C5B00472429 /* String+Ext.swift in Sources */ = {isa = PBXBuildFile; fileRef = 8486F5DF28D05C5B00472429 /* String+Ext.swift */; };
		8486F5E228D05F1B00472429 /* Date+Ext.swift in Sources */ = {isa = PBXBuildFile; fileRef = 8486F5E128D05F1B00472429 /* Date+Ext.swift */; };
		8486F5E428D063A200472429 /* DateFormatter+Ext.swift in Sources */ = {isa = PBXBuildFile; fileRef = 8486F5E328D063A200472429 /* DateFormatter+Ext.swift */; };
		84A4762728CDDB0B00901306 /* ToDoListViewController.swift in Sources */ = {isa = PBXBuildFile; fileRef = 84A4762628CDDB0B00901306 /* ToDoListViewController.swift */; };
		84A4762928CDE4B000901306 /* ToDoListViewModel.swift in Sources */ = {isa = PBXBuildFile; fileRef = 84A4762828CDE4B000901306 /* ToDoListViewModel.swift */; };
		84A4762B28CDE52600901306 /* ToDoTableViewCell.swift in Sources */ = {isa = PBXBuildFile; fileRef = 84A4762A28CDE52600901306 /* ToDoTableViewCell.swift */; };
		84A4762E28CDE55100901306 /* SnapKit in Frameworks */ = {isa = PBXBuildFile; productRef = 84A4762D28CDE55100901306 /* SnapKit */; };
		84A4763028CDFE7500901306 /* ToDo.swift in Sources */ = {isa = PBXBuildFile; fileRef = 84A4762F28CDFE7500901306 /* ToDo.swift */; };
		84A4763228CE56E400901306 /* Constants.swift in Sources */ = {isa = PBXBuildFile; fileRef = 84A4763128CE56E400901306 /* Constants.swift */; };
		84A4763528CF586D00901306 /* CreateToDoViewController.swift in Sources */ = {isa = PBXBuildFile; fileRef = 84A4763428CF586D00901306 /* CreateToDoViewController.swift */; };
		84A4763728CF588A00901306 /* CreateToDoViewModel.swift in Sources */ = {isa = PBXBuildFile; fileRef = 84A4763628CF588A00901306 /* CreateToDoViewModel.swift */; };
		84F0D53D28CDD2D900D2F894 /* AppDelegate.swift in Sources */ = {isa = PBXBuildFile; fileRef = 84F0D53C28CDD2D900D2F894 /* AppDelegate.swift */; };
		84F0D53F28CDD2D900D2F894 /* SceneDelegate.swift in Sources */ = {isa = PBXBuildFile; fileRef = 84F0D53E28CDD2D900D2F894 /* SceneDelegate.swift */; };
		84F0D54628CDD2DB00D2F894 /* Assets.xcassets in Resources */ = {isa = PBXBuildFile; fileRef = 84F0D54528CDD2DB00D2F894 /* Assets.xcassets */; };
		84F0D54928CDD2DB00D2F894 /* LaunchScreen.storyboard in Resources */ = {isa = PBXBuildFile; fileRef = 84F0D54728CDD2DB00D2F894 /* LaunchScreen.storyboard */; };
/* End PBXBuildFile section */

/* Begin PBXFileReference section */
		84089AF128D07A1B007794AC /* DetailToDoViewController.swift */ = {isa = PBXFileReference; lastKnownFileType = sourcecode.swift; path = DetailToDoViewController.swift; sourceTree = "<group>"; };
		84089AF328D07A6C007794AC /* DetailToDoViewModel.swift */ = {isa = PBXFileReference; lastKnownFileType = sourcecode.swift; path = DetailToDoViewModel.swift; sourceTree = "<group>"; };
		8486F5DF28D05C5B00472429 /* String+Ext.swift */ = {isa = PBXFileReference; lastKnownFileType = sourcecode.swift; path = "String+Ext.swift"; sourceTree = "<group>"; };
		8486F5E128D05F1B00472429 /* Date+Ext.swift */ = {isa = PBXFileReference; lastKnownFileType = sourcecode.swift; path = "Date+Ext.swift"; sourceTree = "<group>"; };
		8486F5E328D063A200472429 /* DateFormatter+Ext.swift */ = {isa = PBXFileReference; lastKnownFileType = sourcecode.swift; path = "DateFormatter+Ext.swift"; sourceTree = "<group>"; };
		84A4762628CDDB0B00901306 /* ToDoListViewController.swift */ = {isa = PBXFileReference; lastKnownFileType = sourcecode.swift; path = ToDoListViewController.swift; sourceTree = "<group>"; };
		84A4762828CDE4B000901306 /* ToDoListViewModel.swift */ = {isa = PBXFileReference; lastKnownFileType = sourcecode.swift; path = ToDoListViewModel.swift; sourceTree = "<group>"; };
		84A4762A28CDE52600901306 /* ToDoTableViewCell.swift */ = {isa = PBXFileReference; lastKnownFileType = sourcecode.swift; path = ToDoTableViewCell.swift; sourceTree = "<group>"; };
		84A4762F28CDFE7500901306 /* ToDo.swift */ = {isa = PBXFileReference; lastKnownFileType = sourcecode.swift; path = ToDo.swift; sourceTree = "<group>"; };
		84A4763128CE56E400901306 /* Constants.swift */ = {isa = PBXFileReference; lastKnownFileType = sourcecode.swift; path = Constants.swift; sourceTree = "<group>"; };
		84A4763428CF586D00901306 /* CreateToDoViewController.swift */ = {isa = PBXFileReference; lastKnownFileType = sourcecode.swift; path = CreateToDoViewController.swift; sourceTree = "<group>"; };
		84A4763628CF588A00901306 /* CreateToDoViewModel.swift */ = {isa = PBXFileReference; lastKnownFileType = sourcecode.swift; path = CreateToDoViewModel.swift; sourceTree = "<group>"; };
		84F0D53928CDD2D900D2F894 /* ToDoList.app */ = {isa = PBXFileReference; explicitFileType = wrapper.application; includeInIndex = 0; path = ToDoList.app; sourceTree = BUILT_PRODUCTS_DIR; };
		84F0D53C28CDD2D900D2F894 /* AppDelegate.swift */ = {isa = PBXFileReference; lastKnownFileType = sourcecode.swift; path = AppDelegate.swift; sourceTree = "<group>"; };
		84F0D53E28CDD2D900D2F894 /* SceneDelegate.swift */ = {isa = PBXFileReference; lastKnownFileType = sourcecode.swift; path = SceneDelegate.swift; sourceTree = "<group>"; };
		84F0D54528CDD2DB00D2F894 /* Assets.xcassets */ = {isa = PBXFileReference; lastKnownFileType = folder.assetcatalog; path = Assets.xcassets; sourceTree = "<group>"; };
		84F0D54828CDD2DB00D2F894 /* Base */ = {isa = PBXFileReference; lastKnownFileType = file.storyboard; name = Base; path = Base.lproj/LaunchScreen.storyboard; sourceTree = "<group>"; };
		84F0D54A28CDD2DB00D2F894 /* Info.plist */ = {isa = PBXFileReference; lastKnownFileType = text.plist.xml; path = Info.plist; sourceTree = "<group>"; };
/* End PBXFileReference section */

/* Begin PBXFrameworksBuildPhase section */
		84F0D53628CDD2D900D2F894 /* Frameworks */ = {
			isa = PBXFrameworksBuildPhase;
			buildActionMask = 2147483647;
			files = (
				84A4762E28CDE55100901306 /* SnapKit in Frameworks */,
			);
			runOnlyForDeploymentPostprocessing = 0;
		};
/* End PBXFrameworksBuildPhase section */

/* Begin PBXGroup section */
		84089AF028D0792D007794AC /* DetailToDo */ = {
			isa = PBXGroup;
			children = (
				84089AF128D07A1B007794AC /* DetailToDoViewController.swift */,
				84089AF328D07A6C007794AC /* DetailToDoViewModel.swift */,
			);
			path = DetailToDo;
			sourceTree = "<group>";
		};
		84A4762028CDD4E200901306 /* Resources */ = {
			isa = PBXGroup;
			children = (
				84F0D54A28CDD2DB00D2F894 /* Info.plist */,
				84F0D54528CDD2DB00D2F894 /* Assets.xcassets */,
			);
			path = Resources;
			sourceTree = "<group>";
		};
		84A4762128CDD55000901306 /* Utilities */ = {
			isa = PBXGroup;
			children = (
				84A4762528CDD60100901306 /* Extensions */,
				84A4762428CDD5F400901306 /* Constants */,
			);
			path = Utilities;
			sourceTree = "<group>";
		};
		84A4762228CDD56A00901306 /* Models */ = {
			isa = PBXGroup;
			children = (
				84A4762F28CDFE7500901306 /* ToDo.swift */,
			);
			path = Models;
			sourceTree = "<group>";
		};
		84A4762328CDD5A900901306 /* ToDoList */ = {
			isa = PBXGroup;
			children = (
				84A4762628CDDB0B00901306 /* ToDoListViewController.swift */,
				84A4762828CDE4B000901306 /* ToDoListViewModel.swift */,
				84A4762A28CDE52600901306 /* ToDoTableViewCell.swift */,
			);
			path = ToDoList;
			sourceTree = "<group>";
		};
		84A4762428CDD5F400901306 /* Constants */ = {
			isa = PBXGroup;
			children = (
				84A4763128CE56E400901306 /* Constants.swift */,
			);
			path = Constants;
			sourceTree = "<group>";
		};
		84A4762528CDD60100901306 /* Extensions */ = {
			isa = PBXGroup;
			children = (
				8486F5DF28D05C5B00472429 /* String+Ext.swift */,
				8486F5E128D05F1B00472429 /* Date+Ext.swift */,
				8486F5E328D063A200472429 /* DateFormatter+Ext.swift */,
			);
			path = Extensions;
			sourceTree = "<group>";
		};
		84A4763328CF584500901306 /* CreateToDo */ = {
			isa = PBXGroup;
			children = (
				84A4763428CF586D00901306 /* CreateToDoViewController.swift */,
				84A4763628CF588A00901306 /* CreateToDoViewModel.swift */,
			);
			path = CreateToDo;
			sourceTree = "<group>";
		};
		84F0D53028CDD2D900D2F894 = {
			isa = PBXGroup;
			children = (
				84F0D53B28CDD2D900D2F894 /* ToDoList */,
				84F0D53A28CDD2D900D2F894 /* Products */,
			);
			sourceTree = "<group>";
		};
		84F0D53A28CDD2D900D2F894 /* Products */ = {
			isa = PBXGroup;
			children = (
				84F0D53928CDD2D900D2F894 /* ToDoList.app */,
			);
			name = Products;
			sourceTree = "<group>";
		};
		84F0D53B28CDD2D900D2F894 /* ToDoList */ = {
			isa = PBXGroup;
			children = (
				84A4762228CDD56A00901306 /* Models */,
				84A4762128CDD55000901306 /* Utilities */,
				84A4762028CDD4E200901306 /* Resources */,
				84F0D55128CDD38800D2F894 /* Scenes */,
				84F0D55028CDD36E00D2F894 /* App */,
			);
			path = ToDoList;
			sourceTree = "<group>";
		};
		84F0D55028CDD36E00D2F894 /* App */ = {
			isa = PBXGroup;
			children = (
				84F0D53C28CDD2D900D2F894 /* AppDelegate.swift */,
				84F0D53E28CDD2D900D2F894 /* SceneDelegate.swift */,
			);
			path = App;
			sourceTree = "<group>";
		};
		84F0D55128CDD38800D2F894 /* Scenes */ = {
			isa = PBXGroup;
			children = (
				84089AF028D0792D007794AC /* DetailToDo */,
				84A4763328CF584500901306 /* CreateToDo */,
				84F0D54728CDD2DB00D2F894 /* LaunchScreen.storyboard */,
				84A4762328CDD5A900901306 /* ToDoList */,
			);
			path = Scenes;
			sourceTree = "<group>";
		};
/* End PBXGroup section */

/* Begin PBXNativeTarget section */
		84F0D53828CDD2D900D2F894 /* ToDoList */ = {
			isa = PBXNativeTarget;
			buildConfigurationList = 84F0D54D28CDD2DB00D2F894 /* Build configuration list for PBXNativeTarget "ToDoList" */;
			buildPhases = (
				84F0D53528CDD2D900D2F894 /* Sources */,
				84F0D53628CDD2D900D2F894 /* Frameworks */,
				84F0D53728CDD2D900D2F894 /* Resources */,
			);
			buildRules = (
			);
			dependencies = (
			);
			name = ToDoList;
			packageProductDependencies = (
				84A4762D28CDE55100901306 /* SnapKit */,
			);
			productName = ToDoList;
			productReference = 84F0D53928CDD2D900D2F894 /* ToDoList.app */;
			productType = "com.apple.product-type.application";
		};
/* End PBXNativeTarget section */

/* Begin PBXProject section */
		84F0D53128CDD2D900D2F894 /* Project object */ = {
			isa = PBXProject;
			attributes = {
				BuildIndependentTargetsInParallel = 1;
				LastSwiftUpdateCheck = 1320;
				LastUpgradeCheck = 1320;
				TargetAttributes = {
					84F0D53828CDD2D900D2F894 = {
						CreatedOnToolsVersion = 13.2.1;
					};
				};
			};
			buildConfigurationList = 84F0D53428CDD2D900D2F894 /* Build configuration list for PBXProject "ToDoList" */;
			compatibilityVersion = "Xcode 13.0";
			developmentRegion = en;
			hasScannedForEncodings = 0;
			knownRegions = (
				en,
				Base,
			);
			mainGroup = 84F0D53028CDD2D900D2F894;
			packageReferences = (
				84A4762C28CDE55100901306 /* XCRemoteSwiftPackageReference "SnapKit" */,
			);
			productRefGroup = 84F0D53A28CDD2D900D2F894 /* Products */;
			projectDirPath = "";
			projectRoot = "";
			targets = (
				84F0D53828CDD2D900D2F894 /* ToDoList */,
			);
		};
/* End PBXProject section */

/* Begin PBXResourcesBuildPhase section */
		84F0D53728CDD2D900D2F894 /* Resources */ = {
			isa = PBXResourcesBuildPhase;
			buildActionMask = 2147483647;
			files = (
				84F0D54928CDD2DB00D2F894 /* LaunchScreen.storyboard in Resources */,
				84F0D54628CDD2DB00D2F894 /* Assets.xcassets in Resources */,
			);
			runOnlyForDeploymentPostprocessing = 0;
		};
/* End PBXResourcesBuildPhase section */

/* Begin PBXSourcesBuildPhase section */
		84F0D53528CDD2D900D2F894 /* Sources */ = {
			isa = PBXSourcesBuildPhase;
			buildActionMask = 2147483647;
			files = (
				84A4762928CDE4B000901306 /* ToDoListViewModel.swift in Sources */,
				84F0D53D28CDD2D900D2F894 /* AppDelegate.swift in Sources */,
				84A4763528CF586D00901306 /* CreateToDoViewController.swift in Sources */,
				8486F5E228D05F1B00472429 /* Date+Ext.swift in Sources */,
				84A4762728CDDB0B00901306 /* ToDoListViewController.swift in Sources */,
				84A4763028CDFE7500901306 /* ToDo.swift in Sources */,
				84A4763728CF588A00901306 /* CreateToDoViewModel.swift in Sources */,
				84089AF428D07A6C007794AC /* DetailToDoViewModel.swift in Sources */,
				84A4763228CE56E400901306 /* Constants.swift in Sources */,
				84089AF228D07A1B007794AC /* DetailToDoViewController.swift in Sources */,
				8486F5E428D063A200472429 /* DateFormatter+Ext.swift in Sources */,
				84F0D53F28CDD2D900D2F894 /* SceneDelegate.swift in Sources */,
				84A4762B28CDE52600901306 /* ToDoTableViewCell.swift in Sources */,
				8486F5E028D05C5B00472429 /* String+Ext.swift in Sources */,
			);
			runOnlyForDeploymentPostprocessing = 0;
		};
/* End PBXSourcesBuildPhase section */

/* Begin PBXVariantGroup section */
		84F0D54728CDD2DB00D2F894 /* LaunchScreen.storyboard */ = {
			isa = PBXVariantGroup;
			children = (
				84F0D54828CDD2DB00D2F894 /* Base */,
			);
			name = LaunchScreen.storyboard;
			sourceTree = "<group>";
		};
/* End PBXVariantGroup section */

/* Begin XCBuildConfiguration section */
		84F0D54B28CDD2DB00D2F894 /* Debug */ = {
			isa = XCBuildConfiguration;
			buildSettings = {
				ALWAYS_SEARCH_USER_PATHS = NO;
				CLANG_ANALYZER_NONNULL = YES;
				CLANG_ANALYZER_NUMBER_OBJECT_CONVERSION = YES_AGGRESSIVE;
				CLANG_CXX_LANGUAGE_STANDARD = "gnu++17";
				CLANG_CXX_LIBRARY = "libc++";
				CLANG_ENABLE_MODULES = YES;
				CLANG_ENABLE_OBJC_ARC = YES;
				CLANG_ENABLE_OBJC_WEAK = YES;
				CLANG_WARN_BLOCK_CAPTURE_AUTORELEASING = YES;
				CLANG_WARN_BOOL_CONVERSION = YES;
				CLANG_WARN_COMMA = YES;
				CLANG_WARN_CONSTANT_CONVERSION = YES;
				CLANG_WARN_DEPRECATED_OBJC_IMPLEMENTATIONS = YES;
				CLANG_WARN_DIRECT_OBJC_ISA_USAGE = YES_ERROR;
				CLANG_WARN_DOCUMENTATION_COMMENTS = YES;
				CLANG_WARN_EMPTY_BODY = YES;
				CLANG_WARN_ENUM_CONVERSION = YES;
				CLANG_WARN_INFINITE_RECURSION = YES;
				CLANG_WARN_INT_CONVERSION = YES;
				CLANG_WARN_NON_LITERAL_NULL_CONVERSION = YES;
				CLANG_WARN_OBJC_IMPLICIT_RETAIN_SELF = YES;
				CLANG_WARN_OBJC_LITERAL_CONVERSION = YES;
				CLANG_WARN_OBJC_ROOT_CLASS = YES_ERROR;
				CLANG_WARN_QUOTED_INCLUDE_IN_FRAMEWORK_HEADER = YES;
				CLANG_WARN_RANGE_LOOP_ANALYSIS = YES;
				CLANG_WARN_STRICT_PROTOTYPES = YES;
				CLANG_WARN_SUSPICIOUS_MOVE = YES;
				CLANG_WARN_UNGUARDED_AVAILABILITY = YES_AGGRESSIVE;
				CLANG_WARN_UNREACHABLE_CODE = YES;
				CLANG_WARN__DUPLICATE_METHOD_MATCH = YES;
				COPY_PHASE_STRIP = NO;
				DEBUG_INFORMATION_FORMAT = dwarf;
				ENABLE_STRICT_OBJC_MSGSEND = YES;
				ENABLE_TESTABILITY = YES;
				GCC_C_LANGUAGE_STANDARD = gnu11;
				GCC_DYNAMIC_NO_PIC = NO;
				GCC_NO_COMMON_BLOCKS = YES;
				GCC_OPTIMIZATION_LEVEL = 0;
				GCC_PREPROCESSOR_DEFINITIONS = (
					"DEBUG=1",
					"$(inherited)",
				);
				GCC_WARN_64_TO_32_BIT_CONVERSION = YES;
				GCC_WARN_ABOUT_RETURN_TYPE = YES_ERROR;
				GCC_WARN_UNDECLARED_SELECTOR = YES;
				GCC_WARN_UNINITIALIZED_AUTOS = YES_AGGRESSIVE;
				GCC_WARN_UNUSED_FUNCTION = YES;
				GCC_WARN_UNUSED_VARIABLE = YES;
				IPHONEOS_DEPLOYMENT_TARGET = 15.2;
				MTL_ENABLE_DEBUG_INFO = INCLUDE_SOURCE;
				MTL_FAST_MATH = YES;
				ONLY_ACTIVE_ARCH = YES;
				SDKROOT = iphoneos;
				SWIFT_ACTIVE_COMPILATION_CONDITIONS = DEBUG;
				SWIFT_OPTIMIZATION_LEVEL = "-Onone";
			};
			name = Debug;
		};
		84F0D54C28CDD2DB00D2F894 /* Release */ = {
			isa = XCBuildConfiguration;
			buildSettings = {
				ALWAYS_SEARCH_USER_PATHS = NO;
				CLANG_ANALYZER_NONNULL = YES;
				CLANG_ANALYZER_NUMBER_OBJECT_CONVERSION = YES_AGGRESSIVE;
				CLANG_CXX_LANGUAGE_STANDARD = "gnu++17";
				CLANG_CXX_LIBRARY = "libc++";
				CLANG_ENABLE_MODULES = YES;
				CLANG_ENABLE_OBJC_ARC = YES;
				CLANG_ENABLE_OBJC_WEAK = YES;
				CLANG_WARN_BLOCK_CAPTURE_AUTORELEASING = YES;
				CLANG_WARN_BOOL_CONVERSION = YES;
				CLANG_WARN_COMMA = YES;
				CLANG_WARN_CONSTANT_CONVERSION = YES;
				CLANG_WARN_DEPRECATED_OBJC_IMPLEMENTATIONS = YES;
				CLANG_WARN_DIRECT_OBJC_ISA_USAGE = YES_ERROR;
				CLANG_WARN_DOCUMENTATION_COMMENTS = YES;
				CLANG_WARN_EMPTY_BODY = YES;
				CLANG_WARN_ENUM_CONVERSION = YES;
				CLANG_WARN_INFINITE_RECURSION = YES;
				CLANG_WARN_INT_CONVERSION = YES;
				CLANG_WARN_NON_LITERAL_NULL_CONVERSION = YES;
				CLANG_WARN_OBJC_IMPLICIT_RETAIN_SELF = YES;
				CLANG_WARN_OBJC_LITERAL_CONVERSION = YES;
				CLANG_WARN_OBJC_ROOT_CLASS = YES_ERROR;
				CLANG_WARN_QUOTED_INCLUDE_IN_FRAMEWORK_HEADER = YES;
				CLANG_WARN_RANGE_LOOP_ANALYSIS = YES;
				CLANG_WARN_STRICT_PROTOTYPES = YES;
				CLANG_WARN_SUSPICIOUS_MOVE = YES;
				CLANG_WARN_UNGUARDED_AVAILABILITY = YES_AGGRESSIVE;
				CLANG_WARN_UNREACHABLE_CODE = YES;
				CLANG_WARN__DUPLICATE_METHOD_MATCH = YES;
				COPY_PHASE_STRIP = NO;
				DEBUG_INFORMATION_FORMAT = "dwarf-with-dsym";
				ENABLE_NS_ASSERTIONS = NO;
				ENABLE_STRICT_OBJC_MSGSEND = YES;
				GCC_C_LANGUAGE_STANDARD = gnu11;
				GCC_NO_COMMON_BLOCKS = YES;
				GCC_WARN_64_TO_32_BIT_CONVERSION = YES;
				GCC_WARN_ABOUT_RETURN_TYPE = YES_ERROR;
				GCC_WARN_UNDECLARED_SELECTOR = YES;
				GCC_WARN_UNINITIALIZED_AUTOS = YES_AGGRESSIVE;
				GCC_WARN_UNUSED_FUNCTION = YES;
				GCC_WARN_UNUSED_VARIABLE = YES;
				IPHONEOS_DEPLOYMENT_TARGET = 15.2;
				MTL_ENABLE_DEBUG_INFO = NO;
				MTL_FAST_MATH = YES;
				SDKROOT = iphoneos;
				SWIFT_COMPILATION_MODE = wholemodule;
				SWIFT_OPTIMIZATION_LEVEL = "-O";
				VALIDATE_PRODUCT = YES;
			};
			name = Release;
		};
		84F0D54E28CDD2DB00D2F894 /* Debug */ = {
			isa = XCBuildConfiguration;
			buildSettings = {
				ASSETCATALOG_COMPILER_APPICON_NAME = AppIcon;
				ASSETCATALOG_COMPILER_GLOBAL_ACCENT_COLOR_NAME = AccentColor;
				CODE_SIGN_STYLE = Automatic;
				CURRENT_PROJECT_VERSION = 1;
				DEVELOPMENT_TEAM = CUDH43SW7U;
				GENERATE_INFOPLIST_FILE = YES;
				INFOPLIST_FILE = ToDoList/Resources/Info.plist;
				INFOPLIST_KEY_UIApplicationSupportsIndirectInputEvents = YES;
				INFOPLIST_KEY_UILaunchStoryboardName = LaunchScreen;
				INFOPLIST_KEY_UIMainStoryboardFile = LaunchScreen;
				INFOPLIST_KEY_UISupportedInterfaceOrientations_iPad = "UIInterfaceOrientationPortrait UIInterfaceOrientationPortraitUpsideDown UIInterfaceOrientationLandscapeLeft UIInterfaceOrientationLandscapeRight";
				INFOPLIST_KEY_UISupportedInterfaceOrientations_iPhone = "UIInterfaceOrientationPortrait UIInterfaceOrientationLandscapeLeft UIInterfaceOrientationLandscapeRight";
				LD_RUNPATH_SEARCH_PATHS = (
					"$(inherited)",
					"@executable_path/Frameworks",
				);
				MARKETING_VERSION = 1.0;
				PRODUCT_BUNDLE_IDENTIFIER = com.mfkdev.ToDoList;
				PRODUCT_NAME = "$(TARGET_NAME)";
				SWIFT_EMIT_LOC_STRINGS = YES;
				SWIFT_VERSION = 5.0;
				TARGETED_DEVICE_FAMILY = "1,2";
			};
			name = Debug;
		};
		84F0D54F28CDD2DB00D2F894 /* Release */ = {
			isa = XCBuildConfiguration;
			buildSettings = {
				ASSETCATALOG_COMPILER_APPICON_NAME = AppIcon;
				ASSETCATALOG_COMPILER_GLOBAL_ACCENT_COLOR_NAME = AccentColor;
				CODE_SIGN_STYLE = Automatic;
				CURRENT_PROJECT_VERSION = 1;
				DEVELOPMENT_TEAM = CUDH43SW7U;
				GENERATE_INFOPLIST_FILE = YES;
				INFOPLIST_FILE = ToDoList/Resources/Info.plist;
				INFOPLIST_KEY_UIApplicationSupportsIndirectInputEvents = YES;
				INFOPLIST_KEY_UILaunchStoryboardName = LaunchScreen;
				INFOPLIST_KEY_UIMainStoryboardFile = LaunchScreen;
				INFOPLIST_KEY_UISupportedInterfaceOrientations_iPad = "UIInterfaceOrientationPortrait UIInterfaceOrientationPortraitUpsideDown UIInterfaceOrientationLandscapeLeft UIInterfaceOrientationLandscapeRight";
				INFOPLIST_KEY_UISupportedInterfaceOrientations_iPhone = "UIInterfaceOrientationPortrait UIInterfaceOrientationLandscapeLeft UIInterfaceOrientationLandscapeRight";
				LD_RUNPATH_SEARCH_PATHS = (
					"$(inherited)",
					"@executable_path/Frameworks",
				);
				MARKETING_VERSION = 1.0;
				PRODUCT_BUNDLE_IDENTIFIER = com.mfkdev.ToDoList;
				PRODUCT_NAME = "$(TARGET_NAME)";
				SWIFT_EMIT_LOC_STRINGS = YES;
				SWIFT_VERSION = 5.0;
				TARGETED_DEVICE_FAMILY = "1,2";
			};
			name = Release;
		};
/* End XCBuildConfiguration section */

/* Begin XCConfigurationList section */
		84F0D53428CDD2D900D2F894 /* Build configuration list for PBXProject "ToDoList" */ = {
			isa = XCConfigurationList;
			buildConfigurations = (
				84F0D54B28CDD2DB00D2F894 /* Debug */,
				84F0D54C28CDD2DB00D2F894 /* Release */,
			);
			defaultConfigurationIsVisible = 0;
			defaultConfigurationName = Release;
		};
		84F0D54D28CDD2DB00D2F894 /* Build configuration list for PBXNativeTarget "ToDoList" */ = {
			isa = XCConfigurationList;
			buildConfigurations = (
				84F0D54E28CDD2DB00D2F894 /* Debug */,
				84F0D54F28CDD2DB00D2F894 /* Release */,
			);
			defaultConfigurationIsVisible = 0;
			defaultConfigurationName = Release;
		};
/* End XCConfigurationList section */

/* Begin XCRemoteSwiftPackageReference section */
		84A4762C28CDE55100901306 /* XCRemoteSwiftPackageReference "SnapKit" */ = {
			isa = XCRemoteSwiftPackageReference;
			repositoryURL = "https://github.com/SnapKit/SnapKit.git";
			requirement = {
				branch = develop;
				kind = branch;
			};
		};
/* End XCRemoteSwiftPackageReference section */

/* Begin XCSwiftPackageProductDependency section */
		84A4762D28CDE55100901306 /* SnapKit */ = {
			isa = XCSwiftPackageProductDependency;
			package = 84A4762C28CDE55100901306 /* XCRemoteSwiftPackageReference "SnapKit" */;
			productName = SnapKit;
		};
/* End XCSwiftPackageProductDependency section */
	};
	rootObject = 84F0D53128CDD2D900D2F894 /* Project object */;
}
